
Microsoft Visual Studio Solution File, Format Version 12.00
# Visual Studio Version 16
VisualStudioVersion = 16.0.30523.141
MinimumVisualStudioVersion = 10.0.40219.1
Project("{FAE04EC0-301F-11D3-BF4B-00C04F79EFBC}") = "PR.Patients", "PR.Patients\PR.Patients.csproj", "{8E2962AC-AB4D-4683-A67F-F084B9D9FCA0}"
EndProject
Global
	GlobalSection(SolutionConfigurationPlatforms) = preSolution
		Debug|Any CPU = Debug|Any CPU
		Release|Any CPU = Release|Any CPU
	EndGlobalSection
	GlobalSection(ProjectConfigurationPlatforms) = postSolution
		{8E2962AC-AB4D-4683-A67F-F084B9D9FCA0}.Debug|Any CPU.ActiveCfg = Debug|Any CPU
		{8E2962AC-AB4D-4683-A67F-F084B9D9FCA0}.Debug|Any CPU.Build.0 = Debug|Any CPU
		{8E2962AC-AB4D-4683-A67F-F084B9D9FCA0}.Release|Any CPU.ActiveCfg = Release|Any CPU
		{8E2962AC-AB4D-4683-A67F-F084B9D9FCA0}.Release|Any CPU.Build.0 = Release|Any CPU
	EndGlobalSection
	GlobalSection(SolutionProperties) = preSolution
		HideSolutionNode = FALSE
	EndGlobalSection
	GlobalSection(ExtensibilityGlobals) = postSolution
		SolutionGuid = {A8E39BF0-8294-46DB-80B4-675FD449C895}
	EndGlobalSection
EndGlobal
